
Microsoft Visual Studio Solution File, Format Version 12.00
# Visual Studio Version 16
VisualStudioVersion = 16.0.31005.135
MinimumVisualStudioVersion = 10.0.40219.1
Project("{9A19103F-16F7-4668-BE54-9A1E7A4F7556}") = "Homeworks_Malyutina", "Homeworks_Malyutina\Homeworks_Malyutina.csproj", "{BD3787B8-102D-4353-80D0-F9781A954E68}"
EndProject
Project("{FAE04EC0-301F-11D3-BF4B-00C04F79EFBC}") = "Homeworks_Malyutina.Tests", "Homeworks_Malyutina.Tests\Homeworks_Malyutina.Tests.csproj", "{6A9653A8-F614-4542-9D40-15F08480A5F2}"
EndProject
Global
	GlobalSection(SolutionConfigurationPlatforms) = preSolution
		Debug|Any CPU = Debug|Any CPU
		Release|Any CPU = Release|Any CPU
	EndGlobalSection
	GlobalSection(ProjectConfigurationPlatforms) = postSolution
		{BD3787B8-102D-4353-80D0-F9781A954E68}.Debug|Any CPU.ActiveCfg = Debug|Any CPU
		{BD3787B8-102D-4353-80D0-F9781A954E68}.Debug|Any CPU.Build.0 = Debug|Any CPU
		{BD3787B8-102D-4353-80D0-F9781A954E68}.Release|Any CPU.ActiveCfg = Release|Any CPU
		{BD3787B8-102D-4353-80D0-F9781A954E68}.Release|Any CPU.Build.0 = Release|Any CPU
		{6A9653A8-F614-4542-9D40-15F08480A5F2}.Debug|Any CPU.ActiveCfg = Debug|Any CPU
		{6A9653A8-F614-4542-9D40-15F08480A5F2}.Debug|Any CPU.Build.0 = Debug|Any CPU
		{6A9653A8-F614-4542-9D40-15F08480A5F2}.Release|Any CPU.ActiveCfg = Release|Any CPU
		{6A9653A8-F614-4542-9D40-15F08480A5F2}.Release|Any CPU.Build.0 = Release|Any CPU
	EndGlobalSection
	GlobalSection(SolutionProperties) = preSolution
		HideSolutionNode = FALSE
	EndGlobalSection
	GlobalSection(ExtensibilityGlobals) = postSolution
		SolutionGuid = {C2441335-FA62-45C6-8219-BA61231CAE45}
	EndGlobalSection
EndGlobal
